{
  "name": "@snack-fe/clinet",
  "version": "0.0.1",
  "lockfileVersion": 1,
  "requires": true,
  "dependencies": {
    "@snack-fe/app": {
      "version": "file:packages/app",
      "requires": {
        "@snack-fe/react-hello": "file:packages/react-hello"
      },
      "dependencies": {
        "@snack-fe/react-hello": {
          "version": "file:packages/react-hello"
        }
      }
    }
  }
}
